
Microsoft Visual Studio Solution File, Format Version 11.00
# Visual Studio 2010
Project("{8BC9CEB8-8B4A-11D0-8D11-00A0C91BC942}") = "BoostTestUi", "BoostTestUi\BoostTestUi.vcxproj", "{2B211D41-9EA2-42FB-9A85-B0B1C1722EF1}"
EndProject
Project("{8BC9CEB8-8B4A-11D0-8D11-00A0C91BC942}") = "BoostTestSample", "BoostTestSample\BoostTestSample.vcxproj", "{849417CD-159A-4D8C-AB17-2CFB259F0BBE}"
EndProject
Project("{8BC9CEB8-8B4A-11D0-8D11-00A0C91BC942}") = "GTestSample", "GTestSample\GTestSample.vcxproj", "{FDC692D8-309D-4490-8E9B-445D645233BF}"
EndProject
Project("{FAE04EC0-301F-11D3-BF4B-00C04F79EFBC}") = "nunit-testui-runner", "nunit-testui-runner\nunit-testui-runner.csproj", "{53BF8787-CB9C-4BB8-AFB4-605DD3A5CA0E}"
EndProject
Project("{FAE04EC0-301F-11D3-BF4B-00C04F79EFBC}") = "NUnitSample", "NUnitSample\NUnitSample.csproj", "{A6F1B94A-84A8-4D76-A719-1EEB01C201D7}"
EndProject
Global
	GlobalSection(SolutionConfigurationPlatforms) = preSolution
		Debug|Any CPU = Debug|Any CPU
		Debug|Mixed Platforms = Debug|Mixed Platforms
		Debug|Win32 = Debug|Win32
		Debug|x86 = Debug|x86
		Release|Any CPU = Release|Any CPU
		Release|Mixed Platforms = Release|Mixed Platforms
		Release|Win32 = Release|Win32
		Release|x86 = Release|x86
	EndGlobalSection
	GlobalSection(ProjectConfigurationPlatforms) = postSolution
		{2B211D41-9EA2-42FB-9A85-B0B1C1722EF1}.Debug|Any CPU.ActiveCfg = Debug|Win32
		{2B211D41-9EA2-42FB-9A85-B0B1C1722EF1}.Debug|Mixed Platforms.ActiveCfg = Debug|Win32
		{2B211D41-9EA2-42FB-9A85-B0B1C1722EF1}.Debug|Mixed Platforms.Build.0 = Debug|Win32
		{2B211D41-9EA2-42FB-9A85-B0B1C1722EF1}.Debug|Win32.ActiveCfg = Debug|Win32
		{2B211D41-9EA2-42FB-9A85-B0B1C1722EF1}.Debug|Win32.Build.0 = Debug|Win32
		{2B211D41-9EA2-42FB-9A85-B0B1C1722EF1}.Debug|x86.ActiveCfg = Debug|Win32
		{2B211D41-9EA2-42FB-9A85-B0B1C1722EF1}.Release|Any CPU.ActiveCfg = Release|Win32
		{2B211D41-9EA2-42FB-9A85-B0B1C1722EF1}.Release|Mixed Platforms.ActiveCfg = Release|Win32
		{2B211D41-9EA2-42FB-9A85-B0B1C1722EF1}.Release|Mixed Platforms.Build.0 = Release|Win32
		{2B211D41-9EA2-42FB-9A85-B0B1C1722EF1}.Release|Win32.ActiveCfg = Release|Win32
		{2B211D41-9EA2-42FB-9A85-B0B1C1722EF1}.Release|Win32.Build.0 = Release|Win32
		{2B211D41-9EA2-42FB-9A85-B0B1C1722EF1}.Release|x86.ActiveCfg = Release|Win32
		{849417CD-159A-4D8C-AB17-2CFB259F0BBE}.Debug|Any CPU.ActiveCfg = Debug|Win32
		{849417CD-159A-4D8C-AB17-2CFB259F0BBE}.Debug|Mixed Platforms.ActiveCfg = Debug|Win32
		{849417CD-159A-4D8C-AB17-2CFB259F0BBE}.Debug|Mixed Platforms.Build.0 = Debug|Win32
		{849417CD-159A-4D8C-AB17-2CFB259F0BBE}.Debug|Win32.ActiveCfg = Debug|Win32
		{849417CD-159A-4D8C-AB17-2CFB259F0BBE}.Debug|Win32.Build.0 = Debug|Win32
		{849417CD-159A-4D8C-AB17-2CFB259F0BBE}.Debug|x86.ActiveCfg = Debug|Win32
		{849417CD-159A-4D8C-AB17-2CFB259F0BBE}.Release|Any CPU.ActiveCfg = Release|Win32
		{849417CD-159A-4D8C-AB17-2CFB259F0BBE}.Release|Mixed Platforms.ActiveCfg = Release|Win32
		{849417CD-159A-4D8C-AB17-2CFB259F0BBE}.Release|Mixed Platforms.Build.0 = Release|Win32
		{849417CD-159A-4D8C-AB17-2CFB259F0BBE}.Release|Win32.ActiveCfg = Release|Win32
		{849417CD-159A-4D8C-AB17-2CFB259F0BBE}.Release|Win32.Build.0 = Release|Win32
		{849417CD-159A-4D8C-AB17-2CFB259F0BBE}.Release|x86.ActiveCfg = Release|Win32
		{FDC692D8-309D-4490-8E9B-445D645233BF}.Debug|Any CPU.ActiveCfg = Debug|Win32
		{FDC692D8-309D-4490-8E9B-445D645233BF}.Debug|Mixed Platforms.ActiveCfg = Debug|Win32
		{FDC692D8-309D-4490-8E9B-445D645233BF}.Debug|Mixed Platforms.Build.0 = Debug|Win32
		{FDC692D8-309D-4490-8E9B-445D645233BF}.Debug|Win32.ActiveCfg = Debug|Win32
		{FDC692D8-309D-4490-8E9B-445D645233BF}.Debug|Win32.Build.0 = Debug|Win32
		{FDC692D8-309D-4490-8E9B-445D645233BF}.Debug|x86.ActiveCfg = Debug|Win32
		{FDC692D8-309D-4490-8E9B-445D645233BF}.Release|Any CPU.ActiveCfg = Release|Win32
		{FDC692D8-309D-4490-8E9B-445D645233BF}.Release|Mixed Platforms.ActiveCfg = Release|Win32
		{FDC692D8-309D-4490-8E9B-445D645233BF}.Release|Mixed Platforms.Build.0 = Release|Win32
		{FDC692D8-309D-4490-8E9B-445D645233BF}.Release|Win32.ActiveCfg = Release|Win32
		{FDC692D8-309D-4490-8E9B-445D645233BF}.Release|Win32.Build.0 = Release|Win32
		{FDC692D8-309D-4490-8E9B-445D645233BF}.Release|x86.ActiveCfg = Release|Win32
		{6E52889E-06C1-45DC-AF99-ACCCAFB863FF}.Debug|Any CPU.ActiveCfg = Debug|x86
		{6E52889E-06C1-45DC-AF99-ACCCAFB863FF}.Debug|Mixed Platforms.ActiveCfg = Debug|x86
		{6E52889E-06C1-45DC-AF99-ACCCAFB863FF}.Debug|Mixed Platforms.Build.0 = Debug|x86
		{6E52889E-06C1-45DC-AF99-ACCCAFB863FF}.Debug|Win32.ActiveCfg = Debug|x86
		{6E52889E-06C1-45DC-AF99-ACCCAFB863FF}.Debug|x86.ActiveCfg = Debug|x86
		{6E52889E-06C1-45DC-AF99-ACCCAFB863FF}.Debug|x86.Build.0 = Debug|x86
		{6E52889E-06C1-45DC-AF99-ACCCAFB863FF}.Release|Any CPU.ActiveCfg = Release|x86
		{6E52889E-06C1-45DC-AF99-ACCCAFB863FF}.Release|Mixed Platforms.ActiveCfg = Release|x86
		{6E52889E-06C1-45DC-AF99-ACCCAFB863FF}.Release|Mixed Platforms.Build.0 = Release|x86
		{6E52889E-06C1-45DC-AF99-ACCCAFB863FF}.Release|Win32.ActiveCfg = Release|x86
		{6E52889E-06C1-45DC-AF99-ACCCAFB863FF}.Release|x86.ActiveCfg = Release|x86
		{6E52889E-06C1-45DC-AF99-ACCCAFB863FF}.Release|x86.Build.0 = Release|x86
		{53BF8787-CB9C-4BB8-AFB4-605DD3A5CA0E}.Debug|Any CPU.ActiveCfg = Debug|Any CPU
		{53BF8787-CB9C-4BB8-AFB4-605DD3A5CA0E}.Debug|Any CPU.Build.0 = Debug|Any CPU
		{53BF8787-CB9C-4BB8-AFB4-605DD3A5CA0E}.Debug|Mixed Platforms.ActiveCfg = Debug|Any CPU
		{53BF8787-CB9C-4BB8-AFB4-605DD3A5CA0E}.Debug|Mixed Platforms.Build.0 = Debug|Any CPU
		{53BF8787-CB9C-4BB8-AFB4-605DD3A5CA0E}.Debug|Win32.ActiveCfg = Debug|Any CPU
		{53BF8787-CB9C-4BB8-AFB4-605DD3A5CA0E}.Debug|x86.ActiveCfg = Debug|Any CPU
		{53BF8787-CB9C-4BB8-AFB4-605DD3A5CA0E}.Release|Any CPU.ActiveCfg = Release|Any CPU
		{53BF8787-CB9C-4BB8-AFB4-605DD3A5CA0E}.Release|Any CPU.Build.0 = Release|Any CPU
		{53BF8787-CB9C-4BB8-AFB4-605DD3A5CA0E}.Release|Mixed Platforms.ActiveCfg = Release|Any CPU
		{53BF8787-CB9C-4BB8-AFB4-605DD3A5CA0E}.Release|Mixed Platforms.Build.0 = Release|Any CPU
		{53BF8787-CB9C-4BB8-AFB4-605DD3A5CA0E}.Release|Win32.ActiveCfg = Release|Any CPU
		{53BF8787-CB9C-4BB8-AFB4-605DD3A5CA0E}.Release|x86.ActiveCfg = Release|Any CPU
		{A6F1B94A-84A8-4D76-A719-1EEB01C201D7}.Debug|Any CPU.ActiveCfg = Debug|Any CPU
		{A6F1B94A-84A8-4D76-A719-1EEB01C201D7}.Debug|Any CPU.Build.0 = Debug|Any CPU
		{A6F1B94A-84A8-4D76-A719-1EEB01C201D7}.Debug|Mixed Platforms.ActiveCfg = Debug|Any CPU
		{A6F1B94A-84A8-4D76-A719-1EEB01C201D7}.Debug|Mixed Platforms.Build.0 = Debug|Any CPU
		{A6F1B94A-84A8-4D76-A719-1EEB01C201D7}.Debug|Win32.ActiveCfg = Debug|Any CPU
		{A6F1B94A-84A8-4D76-A719-1EEB01C201D7}.Debug|x86.ActiveCfg = Debug|Any CPU
		{A6F1B94A-84A8-4D76-A719-1EEB01C201D7}.Release|Any CPU.ActiveCfg = Release|Any CPU
		{A6F1B94A-84A8-4D76-A719-1EEB01C201D7}.Release|Any CPU.Build.0 = Release|Any CPU
		{A6F1B94A-84A8-4D76-A719-1EEB01C201D7}.Release|Mixed Platforms.ActiveCfg = Release|Any CPU
		{A6F1B94A-84A8-4D76-A719-1EEB01C201D7}.Release|Mixed Platforms.Build.0 = Release|Any CPU
		{A6F1B94A-84A8-4D76-A719-1EEB01C201D7}.Release|Win32.ActiveCfg = Release|Any CPU
		{A6F1B94A-84A8-4D76-A719-1EEB01C201D7}.Release|x86.ActiveCfg = Release|Any CPU
	EndGlobalSection
	GlobalSection(SolutionProperties) = preSolution
		HideSolutionNode = FALSE
	EndGlobalSection
EndGlobal
