<?xml version="1.0" encoding="utf-8"?>
<Project ToolsVersion="4.0" xmlns="http://schemas.microsoft.com/developer/msbuild/2003">
  <ItemGroup>
    <Filter Include="Source Files">
      <UniqueIdentifier>{ebc14d1c-e7b3-48cf-80c0-acd31c0cb366}</UniqueIdentifier>
      <Extensions>cpp;c;cxx;def;odl;idl;hpj;bat;asm</Extensions>
    </Filter>
    <Filter Include="Header Files">
      <UniqueIdentifier>{ce012252-dfe5-417a-8c6d-72f1795185b3}</UniqueIdentifier>
      <Extensions>h;hpp;hxx;hm;inl;inc</Extensions>
    </Filter>
    <Filter Include="Resource Files">
      <UniqueIdentifier>{e3932378-660d-4ac4-97c3-10a6e43d3bc4}</UniqueIdentifier>
      <Extensions>rc;ico;cur;bmp;dlg;rc2;rct;bin;rgs;jpg;jpeg;jpe;manifest</Extensions>
    </Filter>
    <Filter Include="Header Files\include">
      <UniqueIdentifier>{eb5a3b33-0c04-46fe-a4e6-3aac1b378760}</UniqueIdentifier>
    </Filter>
  </ItemGroup>
  <ItemGroup>
    <ClCompile Include="AboutDlg.cpp">
      <Filter>Source Files</Filter>
    </ClCompile>
    <ClCompile Include="MainFrm.cpp">
      <Filter>Source Files</Filter>
    </ClCompile>
    <ClCompile Include="stdafx.cpp">
      <Filter>Source Files</Filter>
    </ClCompile>
    <ClCompile Include="ExeRunner.cpp">
      <Filter>Source Files</Filter>
    </ClCompile>
    <ClCompile Include="Process.cpp">
      <Filter>Source Files</Filter>
    </ClCompile>
    <ClCompile Include="Utilities.cpp">
      <Filter>Source Files</Filter>
    </ClCompile>
    <ClCompile Include="TestRunner.cpp">
      <Filter>Source Files</Filter>
    </ClCompile>
    <ClCompile Include="BoostTestUi.cpp">
      <Filter>Source Files</Filter>
    </ClCompile>
    <ClCompile Include="TreeView.cpp">
      <Filter>Source Files</Filter>
    </ClCompile>
    <ClCompile Include="LogView.cpp">
      <Filter>Source Files</Filter>
    </ClCompile>
    <ClCompile Include="BoostTest.cpp">
      <Filter>Source Files</Filter>
    </ClCompile>
    <ClCompile Include="GoogleTest.cpp">
      <Filter>Source Files</Filter>
    </ClCompile>
    <ClCompile Include="GetUnitTestType.cpp">
      <Filter>Source Files</Filter>
    </ClCompile>
    <ClCompile Include="NUnitTest.cpp">
      <Filter>Source Files</Filter>
    </ClCompile>
    <ClCompile Include="CategoryDlg.cpp">
      <Filter>Source Files</Filter>
    </ClCompile>
    <ClCompile Include="CategoryList.cpp">
      <Filter>Source Files</Filter>
    </ClCompile>
    <ClCompile Include="ArgumentsDlg.cpp">
      <Filter>Source Files</Filter>
    </ClCompile>
    <ClCompile Include="FindDlg.cpp">
      <Filter>Source Files</Filter>
    </ClCompile>
    <ClCompile Include="BoostTest2.cpp">
      <Filter>Source Files</Filter>
    </ClCompile>
    <ClCompile Include="CatchTest.cpp">
      <Filter>Source Files</Filter>
    </ClCompile>
    <ClCompile Include="SampleCodeDlg.cpp">
      <Filter>Source Files</Filter>
    </ClCompile>
    <ClCompile Include="SelectDevEnvDlg.cpp">
      <Filter>Source Files</Filter>
    </ClCompile>
    <ClCompile Include="DevEnv.cpp">
      <Filter>Source Files</Filter>
    </ClCompile>
    <ClCompile Include="SelectDebugDlg.cpp">
      <Filter>Source Files</Filter>
    </ClCompile>
  </ItemGroup>
  <ItemGroup>
    <ClInclude Include="AboutDlg.h">
      <Filter>Header Files</Filter>
    </ClInclude>
    <ClInclude Include="MainFrm.h">
      <Filter>Header Files</Filter>
    </ClInclude>
    <ClInclude Include="resource.h">
      <Filter>Header Files</Filter>
    </ClInclude>
    <ClInclude Include="stdafx.h">
      <Filter>Header Files</Filter>
    </ClInclude>
    <ClInclude Include="streamredirector.h">
      <Filter>Header Files</Filter>
    </ClInclude>
    <ClInclude Include="ExeRunner.h">
      <Filter>Header Files</Filter>
    </ClInclude>
    <ClInclude Include="Process.h">
      <Filter>Header Files</Filter>
    </ClInclude>
    <ClInclude Include="TestRunner.h">
      <Filter>Header Files</Filter>
    </ClInclude>
    <ClInclude Include="Utilities.h">
      <Filter>Header Files</Filter>
    </ClInclude>
    <ClInclude Include="hstream.h">
      <Filter>Header Files</Filter>
    </ClInclude>
    <ClInclude Include="TreeView.h">
      <Filter>Header Files</Filter>
    </ClInclude>
    <ClInclude Include="LogView.h">
      <Filter>Header Files</Filter>
    </ClInclude>
    <ClInclude Include="BoostTest.h">
      <Filter>Header Files</Filter>
    </ClInclude>
    <ClInclude Include="GoogleTest.h">
      <Filter>Header Files</Filter>
    </ClInclude>
    <ClInclude Include="Severity.h">
      <Filter>Header Files</Filter>
    </ClInclude>
    <ClInclude Include="GetUnitTestType.h">
      <Filter>Header Files</Filter>
    </ClInclude>
    <ClInclude Include="..\include\boost\test\unit_test_gui.hpp">
      <Filter>Header Files\include</Filter>
    </ClInclude>
    <ClInclude Include="..\include\gtest\gtest-gui.h">
      <Filter>Header Files\include</Filter>
    </ClInclude>
    <ClInclude Include="version.h">
      <Filter>Resource Files</Filter>
    </ClInclude>
    <ClInclude Include="NUnitTest.h">
      <Filter>Header Files</Filter>
    </ClInclude>
    <ClInclude Include="CategoryDlg.h">
      <Filter>Header Files</Filter>
    </ClInclude>
    <ClInclude Include="CategoryList.h">
      <Filter>Header Files</Filter>
    </ClInclude>
    <ClInclude Include="ArgumentsDlg.h">
      <Filter>Header Files</Filter>
    </ClInclude>
    <ClInclude Include="FindDlg.h">
      <Filter>Header Files</Filter>
    </ClInclude>
    <ClInclude Include="TestCaseState.h">
      <Filter>Header Files</Filter>
    </ClInclude>
    <ClInclude Include="AtlWinExt.h">
      <Filter>Header Files</Filter>
    </ClInclude>
    <ClInclude Include="CatchTest.h">
      <Filter>Header Files</Filter>
    </ClInclude>
    <ClInclude Include="SampleCodeDlg.h">
      <Filter>Header Files</Filter>
    </ClInclude>
    <ClInclude Include="..\include\catch\catch-gui.hpp">
      <Filter>Header Files\include</Filter>
    </ClInclude>
    <ClInclude Include="SelectDevEnvDlg.h">
      <Filter>Header Files</Filter>
    </ClInclude>
    <ClInclude Include="DevEnv.h">
      <Filter>Header Files</Filter>
    </ClInclude>
    <ClInclude Include="boost\test\unit_test_gui.hpp">
      <Filter>Header Files</Filter>
    </ClInclude>
    <ClInclude Include="catch\catch-gui.hpp">
      <Filter>Header Files</Filter>
    </ClInclude>
    <ClInclude Include="gtest\gtest-gui.h">
      <Filter>Header Files</Filter>
    </ClInclude>
    <ClInclude Include="SelectDebugDlg.h">
      <Filter>Header Files</Filter>
    </ClInclude>
  </ItemGroup>
  <ItemGroup>
    <None Include="res\BoostTestUi.ico">
      <Filter>Resource Files</Filter>
    </None>
    <None Include="res\toolbar.bmp">
      <Filter>Resource Files</Filter>
    </None>
    <None Include="res\tick.ico">
      <Filter>Resource Files</Filter>
    </None>
    <None Include="res\cross.ico">
      <Filter>Resource Files</Filter>
    </None>
    <None Include="res\empty.ico">
      <Filter>Resource Files</Filter>
    </None>
    <None Include="ReadMe.txt" />
    <None Include="res\run.bmp">
      <Filter>Resource Files</Filter>
    </None>
    <None Include="BoostTestSample.rtf">
      <Filter>Resource Files</Filter>
    </None>
    <None Include="GoogleTestSample.rtf">
      <Filter>Resource Files</Filter>
    </None>
    <None Include="res\tickg.ico">
      <Filter>Resource Files</Filter>
    </None>
    <None Include="res\warn.ico">
      <Filter>Resource Files</Filter>
    </None>
    <None Include="NUnitSample.rtf">
      <Filter>Resource Files</Filter>
    </None>
    <None Include="CatchTestSample.rtf">
      <Filter>Resource Files</Filter>
    </None>
  </ItemGroup>
  <ItemGroup>
    <ResourceCompile Include="BoostTestUi.rc">
      <Filter>Resource Files</Filter>
    </ResourceCompile>
  </ItemGroup>
</Project>